{
    "_readme": [
        "This file locks the dependencies of your project to a known state",
        "Read more about it at https://getcomposer.org/doc/01-basic-usage.md#composer-lock-the-lock-file",
        "This file is @generated automatically"
    ],
    "hash": "f8bd8a405fc67d95977d78950ee09134",
    "content-hash": "19323b234d30c7d7e8dd465fa6b1d117",
    "packages": [
        {
            "name": "aydin-hassan/magento-core-composer-installer",
            "version": "1.2.2",
            "source": {
                "type": "git",
                "url": "https://github.com/AydinHassan/magento-core-composer-installer.git",
                "reference": "179549e36a22644da085ca8810c9f82ba0745efe"
            },
            "dist": {
                "type": "zip",
                "url": "https://api.github.com/repos/AydinHassan/magento-core-composer-installer/zipball/179549e36a22644da085ca8810c9f82ba0745efe",
                "reference": "179549e36a22644da085ca8810c9f82ba0745efe",
                "shasum": ""
            },
            "require": {
                "composer-plugin-api": "~1.0"
            },
            "require-dev": {
                "composer/composer": "~1.0@dev",
                "mikey179/vfsstream": "~1.4",
                "phpunit/phpunit": "~4.3",
                "squizlabs/php_codesniffer": "~1.5"
            },
            "type": "composer-plugin",
            "extra": {
                "class": "\\AydinHassan\\MagentoCoreComposerInstaller\\CoreManager"
            },
            "autoload": {
                "psr-4": {
                    "AydinHassan\\MagentoCoreComposerInstaller\\": "src/"
                }
            },
            "notification-url": "https://packagist.org/downloads/",
            "license": [
                "MIT"
            ],
            "authors": [
                {
                    "name": "Aydin Hassan",
                    "email": "aydin@hotmail.co.uk"
                }
            ],
            "description": "A composer plugin for managing Magento Core",
            "time": "2015-02-26 17:28:18"
        },
        {
            "name": "colinmollenhour/modman",
            "version": "dev-master",
            "source": {
                "type": "git",
                "url": "https://github.com/colinmollenhour/modman.git",
                "reference": "0f5c984c773c6bca76c3aff3fb34dd96d92f8d3f"
            },
            "dist": {
                "type": "zip",
                "url": "https://api.github.com/repos/colinmollenhour/modman/zipball/0f5c984c773c6bca76c3aff3fb34dd96d92f8d3f",
                "reference": "0f5c984c773c6bca76c3aff3fb34dd96d92f8d3f",
                "shasum": ""
            },
            "bin": [
                "modman"
            ],
            "type": "library",
            "license": [
                "Apache-2.0"
            ],
            "authors": [
                {
                    "name": "Colin Mollenhour"
                }
            ],
            "description": "Module Manager",
            "homepage": "https://github.com/colinmollenhour/modman",
            "support": {
                "source": "https://github.com/colinmollenhour/modman/tree/master",
                "issues": "https://github.com/colinmollenhour/modman/issues"
            },
            "time": "2015-07-17 14:27:32"
        },
        {
            "name": "eloquent/composer-config-reader",
            "version": "2.0.0",
            "source": {
                "type": "git",
                "url": "https://github.com/eloquent/composer-config-reader.git",
                "reference": "b79319806e1bcc101c89a023b3aeee9e5931e463"
            },
            "dist": {
                "type": "zip",
                "url": "https://api.github.com/repos/eloquent/composer-config-reader/zipball/b79319806e1bcc101c89a023b3aeee9e5931e463",
                "reference": "b79319806e1bcc101c89a023b3aeee9e5931e463",
                "shasum": ""
            },
            "require": {
                "eloquent/enumeration": "~5",
                "eloquent/liberator": "~1",
                "icecave/isolator": "~2",
                "justinrainbow/json-schema": "~1",
                "php": ">=5.3"
            },
            "require-dev": {
                "icecave/archer": "~1"
            },
            "type": "library",
            "autoload": {
                "psr-4": {
                    "Eloquent\\Composer\\Configuration\\": "src"
                }
            },
            "notification-url": "https://packagist.org/downloads/",
            "license": [
                "MIT"
            ],
            "authors": [
                {
                    "name": "Erin Millard",
                    "email": "ezzatron@gmail.com",
                    "homepage": "http://ezzatron.com/"
                }
            ],
            "description": "A light-weight component for reading Composer configuration files.",
            "homepage": "https://github.com/eloquent/composer-config-reader",
            "keywords": [
                "composer",
                "configuration",
                "parser",
                "reader"
            ],
            "time": "2014-01-22 01:05:31"
        },
        {
            "name": "eloquent/enumeration",
            "version": "5.1.1",
            "source": {
                "type": "git",
                "url": "https://github.com/eloquent/enumeration.git",
                "reference": "0242859435d9b135939816858348556d3cde9e3c"
            },
            "dist": {
                "type": "zip",
                "url": "https://api.github.com/repos/eloquent/enumeration/zipball/0242859435d9b135939816858348556d3cde9e3c",
                "reference": "0242859435d9b135939816858348556d3cde9e3c",
                "shasum": ""
            },
            "require": {
                "php": ">=5.3"
            },
            "require-dev": {
                "icecave/archer": "dev-develop",
                "phpunit/phpunit": "^4",
                "sami/sami": "^3"
            },
            "type": "library",
            "autoload": {
                "psr-4": {
                    "Eloquent\\Enumeration\\": "src"
                }
            },
            "notification-url": "https://packagist.org/downloads/",
            "license": [
                "MIT"
            ],
            "authors": [
                {
                    "name": "Erin Millard",
                    "email": "ezzatron@gmail.com",
                    "homepage": "http://ezzatron.com/"
                }
            ],
            "description": "An enumeration implementation for PHP.",
            "homepage": "https://github.com/eloquent/enumeration",
            "keywords": [
                "class",
                "enum",
                "enumeration",
                "multiton",
                "set",
                "type"
            ],
            "time": "2015-11-03 22:21:38"
        },
        {
            "name": "eloquent/liberator",
            "version": "1.1.1",
            "source": {
                "type": "git",
                "url": "https://github.com/eloquent/liberator.git",
                "reference": "a85435066850ab47acc61296c5d20732ff4c9655"
            },
            "dist": {
                "type": "zip",
                "url": "https://api.github.com/repos/eloquent/liberator/zipball/a85435066850ab47acc61296c5d20732ff4c9655",
                "reference": "a85435066850ab47acc61296c5d20732ff4c9655",
                "shasum": ""
            },
            "require": {
                "eloquent/pops": "~3",
                "php": ">=5.3.0"
            },
            "require-dev": {
                "icecave/archer": "~0.2"
            },
            "type": "library",
            "autoload": {
                "psr-0": {
                    "Eloquent\\Liberator": "src"
                }
            },
            "notification-url": "https://packagist.org/downloads/",
            "license": [
                "MIT"
            ],
            "authors": [
                {
                    "name": "Erin Millard",
                    "email": "ezzatron@gmail.com",
                    "homepage": "http://ezzatron.com/"
                }
            ],
            "description": "A proxy for circumventing PHP access modifier restrictions.",
            "homepage": "https://github.com/eloquent/liberator",
            "keywords": [
                "access",
                "modifier",
                "object",
                "private",
                "protected",
                "proxy",
                "reflection"
            ],
            "time": "2013-03-03 23:02:47"
        },
        {
            "name": "eloquent/pops",
            "version": "3.1.1",
            "source": {
                "type": "git",
                "url": "https://github.com/eloquent/pops.git",
                "reference": "b14090a3478f544d1b3a3b9389cb03415cf4f37f"
            },
            "dist": {
                "type": "zip",
                "url": "https://api.github.com/repos/eloquent/pops/zipball/b14090a3478f544d1b3a3b9389cb03415cf4f37f",
                "reference": "b14090a3478f544d1b3a3b9389cb03415cf4f37f",
                "shasum": ""
            },
            "require": {
                "php": ">=5.3.0"
            },
            "require-dev": {
                "icecave/archer": "~0.2"
            },
            "type": "library",
            "autoload": {
                "psr-0": {
                    "Eloquent\\Pops": "src"
                }
            },
            "notification-url": "https://packagist.org/downloads/",
            "license": [
                "MIT"
            ],
            "authors": [
                {
                    "name": "Erin Millard",
                    "email": "ezzatron@gmail.com",
                    "homepage": "http://ezzatron.com/"
                }
            ],
            "description": "PHP object proxy system.",
            "homepage": "https://github.com/eloquent/pops",
            "keywords": [
                "escaping",
                "object",
                "proxy"
            ],
            "time": "2013-03-04 10:10:43"
        },
        {
            "name": "icecave/isolator",
            "version": "2.3.0",
            "source": {
                "type": "git",
                "url": "https://github.com/IcecaveStudios/isolator.git",
                "reference": "97c51fafa39c57a8f1a31f978a48fbe6cea4a5d5"
            },
            "dist": {
                "type": "zip",
                "url": "https://api.github.com/repos/IcecaveStudios/isolator/zipball/97c51fafa39c57a8f1a31f978a48fbe6cea4a5d5",
                "reference": "97c51fafa39c57a8f1a31f978a48fbe6cea4a5d5",
                "shasum": ""
            },
            "require": {
                "php": ">=5.3"
            },
            "require-dev": {
                "icecave/archer": "~1"
            },
            "suggest": {
                "eloquent/asplode": "Drop-in exception-based error handling."
            },
            "type": "library",
            "autoload": {
                "psr-4": {
                    "Icecave\\Isolator\\": "src"
                }
            },
            "notification-url": "https://packagist.org/downloads/",
            "license": [
                "MIT"
            ],
            "authors": [
                {
                    "name": "James Harris",
                    "email": "james.harris@icecave.com.au",
                    "homepage": "https://github.com/jmalloc"
                }
            ],
            "description": "Dependency injection for global functions.",
            "homepage": "https://github.com/IcecaveStudios/isolator",
            "keywords": [
                "fake",
                "mock",
                "phake",
                "phpunit",
                "test",
                "unit"
            ],
            "time": "2014-08-12 03:16:11"
        },
        {
            "name": "justinrainbow/json-schema",
            "version": "1.5.0",
            "source": {
                "type": "git",
                "url": "https://github.com/justinrainbow/json-schema.git",
                "reference": "a4bee9f4b344b66e0a0d96c7afae1e92edf385fe"
            },
            "dist": {
                "type": "zip",
                "url": "https://api.github.com/repos/justinrainbow/json-schema/zipball/a4bee9f4b344b66e0a0d96c7afae1e92edf385fe",
                "reference": "a4bee9f4b344b66e0a0d96c7afae1e92edf385fe",
                "shasum": ""
            },
            "require": {
                "php": ">=5.3.2"
            },
            "require-dev": {
                "json-schema/json-schema-test-suite": "1.1.0",
                "phpdocumentor/phpdocumentor": "~2",
                "phpunit/phpunit": "~3.7"
            },
            "bin": [
                "bin/validate-json"
            ],
            "type": "library",
            "extra": {
                "branch-alias": {
                    "dev-master": "1.4.x-dev"
                }
            },
            "autoload": {
                "psr-4": {
                    "JsonSchema\\": "src/JsonSchema/"
                }
            },
            "notification-url": "https://packagist.org/downloads/",
            "license": [
                "BSD-3-Clause"
            ],
            "authors": [
                {
                    "name": "Bruno Prieto Reis",
                    "email": "bruno.p.reis@gmail.com"
                },
                {
                    "name": "Justin Rainbow",
                    "email": "justin.rainbow@gmail.com"
                },
                {
                    "name": "Igor Wiedler",
                    "email": "igor@wiedler.ch"
                },
                {
                    "name": "Robert Schönthal",
                    "email": "seroscho@googlemail.com"
                }
            ],
            "description": "A library to validate a json schema.",
            "homepage": "https://github.com/justinrainbow/json-schema",
            "keywords": [
                "json",
                "schema"
            ],
            "time": "2015-09-08 22:28:04"
        },
        {
            "name": "magento-hackathon/magento-composer-installer",
            "version": "3.0.x-dev",
            "source": {
                "type": "git",
                "url": "https://github.com/Cotya/magento-composer-installer.git",
                "reference": "d7b83e547b3eaef88900fe75229a51f3f6382ffb"
            },
            "dist": {
                "type": "zip",
                "url": "https://api.github.com/repos/Cotya/magento-composer-installer/zipball/d7b83e547b3eaef88900fe75229a51f3f6382ffb",
                "reference": "d7b83e547b3eaef88900fe75229a51f3f6382ffb",
                "shasum": ""
            },
            "archive": {
                "exclude": [
                    "vendor",
                    "/tests/FullStackTest/"
                ]
            },
            "require": {
                "composer-plugin-api": "~1.0",
                "eloquent/composer-config-reader": "2.*",
                "php": ">=5.4",
                "symfony/console": "~2.5"
            },
            "require-dev": {
                "composer/composer": "1.0.*@dev",
                "cotya/composer-test-framework": "dev-master",
                "mikey179/vfsstream": "~1.4",
                "phpunit/phpunit": "~4.3",
                "phpunit/phpunit-mock-objects": "~2.3",
                "squizlabs/php_codesniffer": "~2.1",
                "symfony/process": "~2.5"
            },
            "suggest": {
                "colinmollenhour/modman": "*",
                "theseer/autoload": "~1.14"
            },
            "bin": [
                "bin/magento-composer-installer.php"
            ],
            "type": "composer-plugin",
            "extra": {
                "class": "MagentoHackathon\\Composer\\Magento\\Plugin"
            },
            "autoload": {
                "psr-0": {
                    "MagentoHackathon\\Composer": "src/"
                }
            },
            "autoload-dev": {
                "psr-0": {
                    "MagentoHackathon\\Composer\\Magento": "tests/"
                }
            },
            "license": [
                "OSL-3.0"
            ],
            "authors": [
                {
                    "name": "Daniel Fahlke aka Flyingmana",
                    "email": "flyingmana@googlemail.com"
                },
                {
                    "name": "Jörg Weller",
                    "email": "weller@flagbit.de"
                },
                {
                    "name": "Karl Spies",
                    "email": "karl.spies@gmx.net"
                },
                {
                    "name": "Tobias Vogt",
                    "email": "tobi@webguys.de"
                },
                {
                    "name": "David Fuhr",
                    "email": "fuhr@flagbit.de"
                },
                {
                    "name": "Vinai Kopp",
                    "email": "vinai@netzarbeiter.com"
                }
            ],
            "description": "Composer installer for Magento modules",
            "homepage": "https://github.com/magento-hackathon/magento-composer-installer",
            "keywords": [
                "composer-installer",
                "magento"
            ],
            "support": {
                "source": "https://github.com/Cotya/magento-composer-installer/tree/3.0",
                "issues": "https://github.com/Cotya/magento-composer-installer/issues"
            },
            "time": "2015-11-20 23:59:49"
        },
        {
            "name": "magento/core",
            "version": "1.9.2.3",
            "source": {
                "type": "git",
                "url": "https://github.com/bragento/magento-core.git",
                "reference": "5dc8942a330a462e0992494d4cd70d028f27c851"
            },
            "dist": {
                "type": "zip",
                "url": "https://api.github.com/repos/bragento/magento-core/zipball/5dc8942a330a462e0992494d4cd70d028f27c851",
                "reference": "5dc8942a330a462e0992494d4cd70d028f27c851",
                "shasum": ""
            },
            "type": "magento-core",
            "extra": {
                "map": [
                    [
                        "app",
                        "app"
                    ],
                    [
                        "dev",
                        "dev"
                    ],
                    [
                        "downloader",
                        "downloader"
                    ],
                    [
                        "errors",
                        "errors"
                    ],
                    [
                        "includes",
                        "includes"
                    ],
                    [
                        "js",
                        "js"
                    ],
                    [
                        "lib",
                        "lib"
                    ],
                    [
                        "media",
                        "media"
                    ],
                    [
                        "shell",
                        "shell"
                    ],
                    [
                        "skin",
                        "skin"
                    ],
                    [
                        "var",
                        "var"
                    ],
                    [
                        ".htaccess",
                        ".htaccess"
                    ],
                    [
                        "api.php",
                        "api.php"
                    ],
                    [
                        "cron.php",
                        "cron.php"
                    ],
                    [
                        "cron.sh",
                        "cron.sh"
                    ],
                    [
                        "favicon.ico",
                        "favicon.ico"
                    ],
                    [
                        "get.php",
                        "get.php"
                    ],
                    [
                        "index.php",
                        "index.php"
                    ],
                    [
                        "install.php",
                        "install.php"
                    ],
                    [
                        "mage",
                        "mage"
                    ],
                    [
                        "LICENSE.html",
                        "LICENSE.html"
                    ]
                ]
            },
            "license": [
                "OSL-3.0"
            ],
            "description": "Magento Core",
            "homepage": "http://www.magentocommerce.com",
            "support": {
                "source": "https://github.com/bragento/magento-core/tree/1.9.2.3",
                "issues": "https://github.com/bragento/magento-core/issues"
            },
            "time": "2015-10-28 07:42:31"
        },
        {
            "name": "symfony/console",
            "version": "2.8.x-dev",
            "source": {
                "type": "git",
                "url": "https://github.com/symfony/console.git",
                "reference": "8ef64f8b9f908572679ce1483e8924ec8febe33d"
            },
            "dist": {
                "type": "zip",
                "url": "https://api.github.com/repos/symfony/console/zipball/8ef64f8b9f908572679ce1483e8924ec8febe33d",
                "reference": "8ef64f8b9f908572679ce1483e8924ec8febe33d",
                "shasum": ""
            },
            "require": {
                "php": ">=5.3.9",
                "symfony/polyfill-mbstring": "~1.0"
            },
            "require-dev": {
                "psr/log": "~1.0",
                "symfony/event-dispatcher": "~2.1|~3.0.0",
                "symfony/process": "~2.1|~3.0.0"
            },
            "suggest": {
                "psr/log": "For using the console logger",
                "symfony/event-dispatcher": "",
                "symfony/process": ""
            },
            "type": "library",
            "extra": {
                "branch-alias": {
                    "dev-master": "2.8-dev"
                }
            },
            "autoload": {
                "psr-4": {
                    "Symfony\\Component\\Console\\": ""
                },
                "exclude-from-classmap": [
                    "/Tests/"
                ]
            },
            "notification-url": "https://packagist.org/downloads/",
            "license": [
                "MIT"
            ],
            "authors": [
                {
                    "name": "Fabien Potencier",
                    "email": "fabien@symfony.com"
                },
                {
                    "name": "Symfony Community",
                    "homepage": "https://symfony.com/contributors"
                }
            ],
            "description": "Symfony Console Component",
            "homepage": "https://symfony.com",
            "time": "2015-12-05 17:37:59"
        },
        {
            "name": "symfony/polyfill-mbstring",
            "version": "dev-master",
            "source": {
                "type": "git",
                "url": "https://github.com/symfony/polyfill-mbstring.git",
                "reference": "49ff736bd5d41f45240cec77b44967d76e0c3d25"
            },
            "dist": {
                "type": "zip",
                "url": "https://api.github.com/repos/symfony/polyfill-mbstring/zipball/49ff736bd5d41f45240cec77b44967d76e0c3d25",
                "reference": "49ff736bd5d41f45240cec77b44967d76e0c3d25",
                "shasum": ""
            },
            "require": {
                "php": ">=5.3.3"
            },
            "suggest": {
                "ext-mbstring": "For best performance"
            },
            "type": "library",
            "extra": {
                "branch-alias": {
                    "dev-master": "1.0-dev"
                }
            },
            "autoload": {
                "psr-4": {
                    "Symfony\\Polyfill\\Mbstring\\": ""
                },
                "files": [
                    "bootstrap.php"
                ]
            },
            "notification-url": "https://packagist.org/downloads/",
            "license": [
                "MIT"
            ],
            "authors": [
                {
                    "name": "Nicolas Grekas",
                    "email": "p@tchwork.com"
                },
                {
                    "name": "Symfony Community",
                    "homepage": "https://symfony.com/contributors"
                }
            ],
            "description": "Symfony polyfill for the Mbstring extension",
            "homepage": "https://symfony.com",
            "keywords": [
                "compatibility",
                "mbstring",
                "polyfill",
                "portable",
                "shim"
            ],
            "time": "2015-11-20 09:19:13"
        }
    ],
    "packages-dev": [],
    "aliases": [],
    "minimum-stability": "dev",
    "stability-flags": {
        "colinmollenhour/modman": 20
    },
    "prefer-stable": false,
    "prefer-lowest": false,
    "platform": {
        "php": ">=5.4.0"
    },
    "platform-dev": []
}
